
Microsoft Visual Studio Solution File, Format Version 12.00
# Visual Studio Version 17
VisualStudioVersion = 17.1.32421.90
MinimumVisualStudioVersion = 10.0.40219.1
Project("{FAE04EC0-301F-11D3-BF4B-00C04F79EFBC}") = "LR6", "LR6\LR6.csproj", "{2E7600B8-1C66-4555-8794-C2A38B6F8A6E}"
EndProject
Global
	GlobalSection(SolutionConfigurationPlatforms) = preSolution
		Debug|Any CPU = Debug|Any CPU
		Release|Any CPU = Release|Any CPU
	EndGlobalSection
	GlobalSection(ProjectConfigurationPlatforms) = postSolution
		{2E7600B8-1C66-4555-8794-C2A38B6F8A6E}.Debug|Any CPU.ActiveCfg = Debug|Any CPU
		{2E7600B8-1C66-4555-8794-C2A38B6F8A6E}.Debug|Any CPU.Build.0 = Debug|Any CPU
		{2E7600B8-1C66-4555-8794-C2A38B6F8A6E}.Release|Any CPU.ActiveCfg = Release|Any CPU
		{2E7600B8-1C66-4555-8794-C2A38B6F8A6E}.Release|Any CPU.Build.0 = Release|Any CPU
	EndGlobalSection
	GlobalSection(SolutionProperties) = preSolution
		HideSolutionNode = FALSE
	EndGlobalSection
	GlobalSection(ExtensibilityGlobals) = postSolution
		SolutionGuid = {426906E6-FB9D-4F1A-8966-56EC5FAEDD4C}
	EndGlobalSection
EndGlobal
